Microsoft Visual Studio Solution File, Format Version 12.00
# Visual Studio Version 17
VisualStudioVersion = 17.13.35828.75
MinimumVisualStudioVersion = 10.0.40219.1
Project("{FAE04EC0-301F-11D3-BF4B-00C04F79EFBC}") = "JogoDosDados", "JogoDosDados\JogoDosDados.csproj", "{81877E9D-1759-4030-93B5-6EAEA2690A85}"
EndProject
Global
	GlobalSection(SolutionConfigurationPlatforms) = preSolution
		Debug|Any CPU = Debug|Any CPU
		Release|Any CPU = Release|Any CPU
	EndGlobalSection
	GlobalSection(ProjectConfigurationPlatforms) = postSolution
		{81877E9D-1759-4030-93B5-6EAEA2690A85}.Debug|Any CPU.ActiveCfg = Debug|Any CPU
		{81877E9D-1759-4030-93B5-6EAEA2690A85}.Debug|Any CPU.Build.0 = Debug|Any CPU
		{81877E9D-1759-4030-93B5-6EAEA2690A85}.Release|Any CPU.ActiveCfg = Release|Any CPU
		{81877E9D-1759-4030-93B5-6EAEA2690A85}.Release|Any CPU.Build.0 = Release|Any CPU
	EndGlobalSection
	GlobalSection(SolutionProperties) = preSolution
		HideSolutionNode = FALSE
	EndGlobalSection
	GlobalSection(ExtensibilityGlobals) = postSolution
		SolutionGuid = {3C605050-2EE8-4E2E-A957-6B2A91DC5AE0}
	EndGlobalSection
EndGlobal
